
Microsoft Visual Studio Solution File, Format Version 10.00
# Visual Studio 2008
Project("{FAE04EC0-301F-11D3-BF4B-00C04F79EFBC}") = "RawOutputConverter", "RawOutputConverter\RawOutputConverter.csproj", "{8086FBC4-7C0A-48D1-8A16-80E905B817F7}"
EndProject
Global
	GlobalSection(SolutionConfigurationPlatforms) = preSolution
		Debug|Any CPU = Debug|Any CPU
		Release|Any CPU = Release|Any CPU
	EndGlobalSection
	GlobalSection(ProjectConfigurationPlatforms) = postSolution
		{8086FBC4-7C0A-48D1-8A16-80E905B817F7}.Debug|Any CPU.ActiveCfg = Debug|Any CPU
		{8086FBC4-7C0A-48D1-8A16-80E905B817F7}.Debug|Any CPU.Build.0 = Debug|Any CPU
		{8086FBC4-7C0A-48D1-8A16-80E905B817F7}.Release|Any CPU.ActiveCfg = Release|Any CPU
		{8086FBC4-7C0A-48D1-8A16-80E905B817F7}.Release|Any CPU.Build.0 = Release|Any CPU
	EndGlobalSection
	GlobalSection(SolutionProperties) = preSolution
		HideSolutionNode = FALSE
	EndGlobalSection
EndGlobal
